
Microsoft Visual Studio Solution File, Format Version 12.00
# Visual Studio Version 17
VisualStudioVersion = 17.3.32929.385
MinimumVisualStudioVersion = 10.0.40219.1
Project("{FAE04EC0-301F-11D3-BF4B-00C04F79EFBC}") = "ProniaSite", "ProniaSite.csproj", "{80B422FA-6E7C-4A30-B760-1F0921D89218}"
EndProject
Global
	GlobalSection(SolutionConfigurationPlatforms) = preSolution
		Debug|Any CPU = Debug|Any CPU
		Release|Any CPU = Release|Any CPU
	EndGlobalSection
	GlobalSection(ProjectConfigurationPlatforms) = postSolution
		{80B422FA-6E7C-4A30-B760-1F0921D89218}.Debug|Any CPU.ActiveCfg = Debug|Any CPU
		{80B422FA-6E7C-4A30-B760-1F0921D89218}.Debug|Any CPU.Build.0 = Debug|Any CPU
		{80B422FA-6E7C-4A30-B760-1F0921D89218}.Release|Any CPU.ActiveCfg = Release|Any CPU
		{80B422FA-6E7C-4A30-B760-1F0921D89218}.Release|Any CPU.Build.0 = Release|Any CPU
	EndGlobalSection
	GlobalSection(SolutionProperties) = preSolution
		HideSolutionNode = FALSE
	EndGlobalSection
	GlobalSection(ExtensibilityGlobals) = postSolution
		SolutionGuid = {DB5A60E6-BDC2-45A8-999B-3F22F2B090B6}
	EndGlobalSection
EndGlobal
